
Microsoft Visual Studio Solution File, Format Version 12.00
# Visual Studio 15
VisualStudioVersion = 15.0.28307.705
MinimumVisualStudioVersion = 10.0.40219.1
Project("{FAE04EC0-301F-11D3-BF4B-00C04F79EFBC}") = "Notes.Android", "Notes\Notes.Android\Notes.Android.csproj", "{143E109E-73AE-45C9-BE92-423BEC105899}"
EndProject
Project("{FAE04EC0-301F-11D3-BF4B-00C04F79EFBC}") = "Notes.iOS", "Notes\Notes.iOS\Notes.iOS.csproj", "{8F4C9117-576A-40B0-9C50-B5788E082CCC}"
EndProject
Project("{FAE04EC0-301F-11D3-BF4B-00C04F79EFBC}") = "Notes", "Notes\Notes\Notes.csproj", "{D35FF0C1-0A60-4346-B63B-53C1748C21E4}"
EndProject
Global
	GlobalSection(SolutionConfigurationPlatforms) = preSolution
		Ad-Hoc|Any CPU = Ad-Hoc|Any CPU
		Ad-Hoc|iPhone = Ad-Hoc|iPhone
		Ad-Hoc|iPhoneSimulator = Ad-Hoc|iPhoneSimulator
		AppStore|Any CPU = AppStore|Any CPU
		AppStore|iPhone = AppStore|iPhone
		AppStore|iPhoneSimulator = AppStore|iPhoneSimulator
		Debug|Any CPU = Debug|Any CPU
		Debug|iPhone = Debug|iPhone
		Debug|iPhoneSimulator = Debug|iPhoneSimulator
		Release|Any CPU = Release|Any CPU
		Release|iPhone = Release|iPhone
		Release|iPhoneSimulator = Release|iPhoneSimulator
	EndGlobalSection
	GlobalSection(ProjectConfigurationPlatforms) = postSolution
		{143E109E-73AE-45C9-BE92-423BEC105899}.Ad-Hoc|Any CPU.ActiveCfg = Release|Any CPU
		{143E109E-73AE-45C9-BE92-423BEC105899}.Ad-Hoc|Any CPU.Build.0 = Release|Any CPU
		{143E109E-73AE-45C9-BE92-423BEC105899}.Ad-Hoc|Any CPU.Deploy.0 = Release|Any CPU
		{143E109E-73AE-45C9-BE92-423BEC105899}.Ad-Hoc|iPhone.ActiveCfg = Release|Any CPU
		{143E109E-73AE-45C9-BE92-423BEC105899}.Ad-Hoc|iPhone.Build.0 = Release|Any CPU
		{143E109E-73AE-45C9-BE92-423BEC105899}.Ad-Hoc|iPhone.Deploy.0 = Release|Any CPU
		{143E109E-73AE-45C9-BE92-423BEC105899}.Ad-Hoc|iPhoneSimulator.ActiveCfg = Release|Any CPU
		{143E109E-73AE-45C9-BE92-423BEC105899}.Ad-Hoc|iPhoneSimulator.Build.0 = Release|Any CPU
		{143E109E-73AE-45C9-BE92-423BEC105899}.Ad-Hoc|iPhoneSimulator.Deploy.0 = Release|Any CPU
		{143E109E-73AE-45C9-BE92-423BEC105899}.AppStore|Any CPU.ActiveCfg = Release|Any CPU
		{143E109E-73AE-45C9-BE92-423BEC105899}.AppStore|Any CPU.Build.0 = Release|Any CPU
		{143E109E-73AE-45C9-BE92-423BEC105899}.AppStore|Any CPU.Deploy.0 = Release|Any CPU
		{143E109E-73AE-45C9-BE92-423BEC105899}.AppStore|iPhone.ActiveCfg = Release|Any CPU
		{143E109E-73AE-45C9-BE92-423BEC105899}.AppStore|iPhone.Build.0 = Release|Any CPU
		{143E109E-73AE-45C9-BE92-423BEC105899}.AppStore|iPhone.Deploy.0 = Release|Any CPU
		{143E109E-73AE-45C9-BE92-423BEC105899}.AppStore|iPhoneSimulator.ActiveCfg = Release|Any CPU
		{143E109E-73AE-45C9-BE92-423BEC105899}.AppStore|iPhoneSimulator.Build.0 = Release|Any CPU
		{143E109E-73AE-45C9-BE92-423BEC105899}.AppStore|iPhoneSimulator.Deploy.0 = Release|Any CPU
		{143E109E-73AE-45C9-BE92-423BEC105899}.Debug|Any CPU.ActiveCfg = Debug|Any CPU
		{143E109E-73AE-45C9-BE92-423BEC105899}.Debug|Any CPU.Build.0 = Debug|Any CPU
		{143E109E-73AE-45C9-BE92-423BEC105899}.Debug|Any CPU.Deploy.0 = Debug|Any CPU
		{143E109E-73AE-45C9-BE92-423BEC105899}.Debug|iPhone.ActiveCfg = Debug|Any CPU
		{143E109E-73AE-45C9-BE92-423BEC105899}.Debug|iPhone.Build.0 = Debug|Any CPU
		{143E109E-73AE-45C9-BE92-423BEC105899}.Debug|iPhone.Deploy.0 = Debug|Any CPU
		{143E109E-73AE-45C9-BE92-423BEC105899}.Debug|iPhoneSimulator.ActiveCfg = Debug|Any CPU
		{143E109E-73AE-45C9-BE92-423BEC105899}.Debug|iPhoneSimulator.Build.0 = Debug|Any CPU
		{143E109E-73AE-45C9-BE92-423BEC105899}.Debug|iPhoneSimulator.Deploy.0 = Debug|Any CPU
		{143E109E-73AE-45C9-BE92-423BEC105899}.Release|Any CPU.ActiveCfg = Release|Any CPU
		{143E109E-73AE-45C9-BE92-423BEC105899}.Release|Any CPU.Build.0 = Release|Any CPU
		{143E109E-73AE-45C9-BE92-423BEC105899}.Release|Any CPU.Deploy.0 = Release|Any CPU
		{143E109E-73AE-45C9-BE92-423BEC105899}.Release|iPhone.ActiveCfg = Release|Any CPU
		{143E109E-73AE-45C9-BE92-423BEC105899}.Release|iPhone.Build.0 = Release|Any CPU
		{143E109E-73AE-45C9-BE92-423BEC105899}.Release|iPhone.Deploy.0 = Release|Any CPU
		{143E109E-73AE-45C9-BE92-423BEC105899}.Release|iPhoneSimulator.ActiveCfg = Release|Any CPU
		{143E109E-73AE-45C9-BE92-423BEC105899}.Release|iPhoneSimulator.Build.0 = Release|Any CPU
		{143E109E-73AE-45C9-BE92-423BEC105899}.Release|iPhoneSimulator.Deploy.0 = Release|Any CPU
		{8F4C9117-576A-40B0-9C50-B5788E082CCC}.Ad-Hoc|Any CPU.ActiveCfg = Ad-Hoc|iPhone
		{8F4C9117-576A-40B0-9C50-B5788E082CCC}.Ad-Hoc|Any CPU.Build.0 = Ad-Hoc|iPhone
		{8F4C9117-576A-40B0-9C50-B5788E082CCC}.Ad-Hoc|Any CPU.Deploy.0 = Ad-Hoc|iPhone
		{8F4C9117-576A-40B0-9C50-B5788E082CCC}.Ad-Hoc|iPhone.ActiveCfg = Ad-Hoc|iPhone
		{8F4C9117-576A-40B0-9C50-B5788E082CCC}.Ad-Hoc|iPhone.Build.0 = Ad-Hoc|iPhone
		{8F4C9117-576A-40B0-9C50-B5788E082CCC}.Ad-Hoc|iPhone.Deploy.0 = Ad-Hoc|iPhone
		{8F4C9117-576A-40B0-9C50-B5788E082CCC}.Ad-Hoc|iPhoneSimulator.ActiveCfg = Ad-Hoc|iPhoneSimulator
		{8F4C9117-576A-40B0-9C50-B5788E082CCC}.Ad-Hoc|iPhoneSimulator.Build.0 = Ad-Hoc|iPhoneSimulator
		{8F4C9117-576A-40B0-9C50-B5788E082CCC}.Ad-Hoc|iPhoneSimulator.Deploy.0 = Ad-Hoc|iPhoneSimulator
		{8F4C9117-576A-40B0-9C50-B5788E082CCC}.AppStore|Any CPU.ActiveCfg = AppStore|iPhone
		{8F4C9117-576A-40B0-9C50-B5788E082CCC}.AppStore|Any CPU.Build.0 = AppStore|iPhone
		{8F4C9117-576A-40B0-9C50-B5788E082CCC}.AppStore|Any CPU.Deploy.0 = AppStore|iPhone
		{8F4C9117-576A-40B0-9C50-B5788E082CCC}.AppStore|iPhone.ActiveCfg = AppStore|iPhone
		{8F4C9117-576A-40B0-9C50-B5788E082CCC}.AppStore|iPhone.Build.0 = AppStore|iPhone
		{8F4C9117-576A-40B0-9C50-B5788E082CCC}.AppStore|iPhone.Deploy.0 = AppStore|iPhone
		{8F4C9117-576A-40B0-9C50-B5788E082CCC}.AppStore|iPhoneSimulator.ActiveCfg = AppStore|iPhoneSimulator
		{8F4C9117-576A-40B0-9C50-B5788E082CCC}.AppStore|iPhoneSimulator.Build.0 = AppStore|iPhoneSimulator
		{8F4C9117-576A-40B0-9C50-B5788E082CCC}.AppStore|iPhoneSimulator.Deploy.0 = AppStore|iPhoneSimulator
		{8F4C9117-576A-40B0-9C50-B5788E082CCC}.Debug|Any CPU.ActiveCfg = Debug|iPhoneSimulator
		{8F4C9117-576A-40B0-9C50-B5788E082CCC}.Debug|Any CPU.Build.0 = Debug|iPhoneSimulator
		{8F4C9117-576A-40B0-9C50-B5788E082CCC}.Debug|Any CPU.Deploy.0 = Debug|iPhoneSimulator
		{8F4C9117-576A-40B0-9C50-B5788E082CCC}.Debug|iPhone.ActiveCfg = Debug|iPhone
		{8F4C9117-576A-40B0-9C50-B5788E082CCC}.Debug|iPhone.Build.0 = Debug|iPhone
		{8F4C9117-576A-40B0-9C50-B5788E082CCC}.Debug|iPhone.Deploy.0 = Debug|iPhone
		{8F4C9117-576A-40B0-9C50-B5788E082CCC}.Debug|iPhoneSimulator.ActiveCfg = Debug|iPhoneSimulator
		{8F4C9117-576A-40B0-9C50-B5788E082CCC}.Debug|iPhoneSimulator.Build.0 = Debug|iPhoneSimulator
		{8F4C9117-576A-40B0-9C50-B5788E082CCC}.Debug|iPhoneSimulator.Deploy.0 = Debug|iPhoneSimulator
		{8F4C9117-576A-40B0-9C50-B5788E082CCC}.Release|Any CPU.ActiveCfg = Release|iPhone
		{8F4C9117-576A-40B0-9C50-B5788E082CCC}.Release|Any CPU.Build.0 = Release|iPhone
		{8F4C9117-576A-40B0-9C50-B5788E082CCC}.Release|Any CPU.Deploy.0 = Release|iPhone
		{8F4C9117-576A-40B0-9C50-B5788E082CCC}.Release|iPhone.ActiveCfg = Release|iPhone
		{8F4C9117-576A-40B0-9C50-B5788E082CCC}.Release|iPhone.Build.0 = Release|iPhone
		{8F4C9117-576A-40B0-9C50-B5788E082CCC}.Release|iPhone.Deploy.0 = Release|iPhone
		{8F4C9117-576A-40B0-9C50-B5788E082CCC}.Release|iPhoneSimulator.ActiveCfg = Release|iPhoneSimulator
		{8F4C9117-576A-40B0-9C50-B5788E082CCC}.Release|iPhoneSimulator.Build.0 = Release|iPhoneSimulator
		{8F4C9117-576A-40B0-9C50-B5788E082CCC}.Release|iPhoneSimulator.Deploy.0 = Release|iPhoneSimulator
		{D35FF0C1-0A60-4346-B63B-53C1748C21E4}.Ad-Hoc|Any CPU.ActiveCfg = Debug|Any CPU
		{D35FF0C1-0A60-4346-B63B-53C1748C21E4}.Ad-Hoc|Any CPU.Build.0 = Debug|Any CPU
		{D35FF0C1-0A60-4346-B63B-53C1748C21E4}.Ad-Hoc|Any CPU.Deploy.0 = Debug|Any CPU
		{D35FF0C1-0A60-4346-B63B-53C1748C21E4}.Ad-Hoc|iPhone.ActiveCfg = Debug|Any CPU
		{D35FF0C1-0A60-4346-B63B-53C1748C21E4}.Ad-Hoc|iPhone.Build.0 = Debug|Any CPU
		{D35FF0C1-0A60-4346-B63B-53C1748C21E4}.Ad-Hoc|iPhone.Deploy.0 = Debug|Any CPU
		{D35FF0C1-0A60-4346-B63B-53C1748C21E4}.Ad-Hoc|iPhoneSimulator.ActiveCfg = Debug|Any CPU
		{D35FF0C1-0A60-4346-B63B-53C1748C21E4}.Ad-Hoc|iPhoneSimulator.Build.0 = Debug|Any CPU
		{D35FF0C1-0A60-4346-B63B-53C1748C21E4}.Ad-Hoc|iPhoneSimulator.Deploy.0 = Debug|Any CPU
		{D35FF0C1-0A60-4346-B63B-53C1748C21E4}.AppStore|Any CPU.ActiveCfg = Debug|Any CPU
		{D35FF0C1-0A60-4346-B63B-53C1748C21E4}.AppStore|Any CPU.Build.0 = Debug|Any CPU
		{D35FF0C1-0A60-4346-B63B-53C1748C21E4}.AppStore|Any CPU.Deploy.0 = Debug|Any CPU
		{D35FF0C1-0A60-4346-B63B-53C1748C21E4}.AppStore|iPhone.ActiveCfg = Debug|Any CPU
		{D35FF0C1-0A60-4346-B63B-53C1748C21E4}.AppStore|iPhone.Build.0 = Debug|Any CPU
		{D35FF0C1-0A60-4346-B63B-53C1748C21E4}.AppStore|iPhone.Deploy.0 = Debug|Any CPU
		{D35FF0C1-0A60-4346-B63B-53C1748C21E4}.AppStore|iPhoneSimulator.ActiveCfg = Debug|Any CPU
		{D35FF0C1-0A60-4346-B63B-53C1748C21E4}.AppStore|iPhoneSimulator.Build.0 = Debug|Any CPU
		{D35FF0C1-0A60-4346-B63B-53C1748C21E4}.AppStore|iPhoneSimulator.Deploy.0 = Debug|Any CPU
		{D35FF0C1-0A60-4346-B63B-53C1748C21E4}.Debug|Any CPU.ActiveCfg = Debug|Any CPU
		{D35FF0C1-0A60-4346-B63B-53C1748C21E4}.Debug|Any CPU.Build.0 = Debug|Any CPU
		{D35FF0C1-0A60-4346-B63B-53C1748C21E4}.Debug|Any CPU.Deploy.0 = Debug|Any CPU
		{D35FF0C1-0A60-4346-B63B-53C1748C21E4}.Debug|iPhone.ActiveCfg = Debug|Any CPU
		{D35FF0C1-0A60-4346-B63B-53C1748C21E4}.Debug|iPhone.Build.0 = Debug|Any CPU
		{D35FF0C1-0A60-4346-B63B-53C1748C21E4}.Debug|iPhone.Deploy.0 = Debug|Any CPU
		{D35FF0C1-0A60-4346-B63B-53C1748C21E4}.Debug|iPhoneSimulator.ActiveCfg = Debug|Any CPU
		{D35FF0C1-0A60-4346-B63B-53C1748C21E4}.Debug|iPhoneSimulator.Build.0 = Debug|Any CPU
		{D35FF0C1-0A60-4346-B63B-53C1748C21E4}.Debug|iPhoneSimulator.Deploy.0 = Debug|Any CPU
		{D35FF0C1-0A60-4346-B63B-53C1748C21E4}.Release|Any CPU.ActiveCfg = Release|Any CPU
		{D35FF0C1-0A60-4346-B63B-53C1748C21E4}.Release|Any CPU.Build.0 = Release|Any CPU
		{D35FF0C1-0A60-4346-B63B-53C1748C21E4}.Release|Any CPU.Deploy.0 = Release|Any CPU
		{D35FF0C1-0A60-4346-B63B-53C1748C21E4}.Release|iPhone.ActiveCfg = Release|Any CPU
		{D35FF0C1-0A60-4346-B63B-53C1748C21E4}.Release|iPhone.Build.0 = Release|Any CPU
		{D35FF0C1-0A60-4346-B63B-53C1748C21E4}.Release|iPhone.Deploy.0 = Release|Any CPU
		{D35FF0C1-0A60-4346-B63B-53C1748C21E4}.Release|iPhoneSimulator.ActiveCfg = Release|Any CPU
		{D35FF0C1-0A60-4346-B63B-53C1748C21E4}.Release|iPhoneSimulator.Build.0 = Release|Any CPU
		{D35FF0C1-0A60-4346-B63B-53C1748C21E4}.Release|iPhoneSimulator.Deploy.0 = Release|Any CPU
	EndGlobalSection
	GlobalSection(SolutionProperties) = preSolution
		HideSolutionNode = FALSE
	EndGlobalSection
	GlobalSection(ExtensibilityGlobals) = postSolution
		SolutionGuid = {AD7286BD-AF19-4A9B-AC74-6BD35D0A1CEE}
	EndGlobalSection
EndGlobal
