
Microsoft Visual Studio Solution File, Format Version 12.00
# Visual Studio 15
VisualStudioVersion = 15.0.27703.2018
MinimumVisualStudioVersion = 10.0.40219.1
Project("{FAE04EC0-301F-11D3-BF4B-00C04F79EFBC}") = "CadeMeuMedico", "CadeMeuMedico\CadeMeuMedico.csproj", "{83F8C90C-5E63-4E31-912B-272C6BAC93A9}"
EndProject
Global
	GlobalSection(SolutionConfigurationPlatforms) = preSolution
		Debug|Any CPU = Debug|Any CPU
		Release|Any CPU = Release|Any CPU
	EndGlobalSection
	GlobalSection(ProjectConfigurationPlatforms) = postSolution
		{83F8C90C-5E63-4E31-912B-272C6BAC93A9}.Debug|Any CPU.ActiveCfg = Debug|Any CPU
		{83F8C90C-5E63-4E31-912B-272C6BAC93A9}.Debug|Any CPU.Build.0 = Debug|Any CPU
		{83F8C90C-5E63-4E31-912B-272C6BAC93A9}.Release|Any CPU.ActiveCfg = Release|Any CPU
		{83F8C90C-5E63-4E31-912B-272C6BAC93A9}.Release|Any CPU.Build.0 = Release|Any CPU
	EndGlobalSection
	GlobalSection(SolutionProperties) = preSolution
		HideSolutionNode = FALSE
	EndGlobalSection
	GlobalSection(ExtensibilityGlobals) = postSolution
		SolutionGuid = {B8D3E8C5-DF50-4A99-8FC7-6ACAF76D4DEF}
	EndGlobalSection
EndGlobal
